// !$*UTF8*$!
{
	archiveVersion = 1;
	classes = {
	};
	objectVersion = 46;
	objects = {

/* Begin PBXBuildFile section */
		688EF5FC156CD5200081C14C /* UIKit.framework in Frameworks */ = {isa = PBXBuildFile; fileRef = 688EF5FB156CD5200081C14C /* UIKit.framework */; };
		688EF5FE156CD5200081C14C /* Foundation.framework in Frameworks */ = {isa = PBXBuildFile; fileRef = 688EF5FD156CD5200081C14C /* Foundation.framework */; };
		688EF600156CD5200081C14C /* CoreGraphics.framework in Frameworks */ = {isa = PBXBuildFile; fileRef = 688EF5FF156CD5200081C14C /* CoreGraphics.framework */; };
		688EF606156CD5200081C14C /* InfoPlist.strings in Resources */ = {isa = PBXBuildFile; fileRef = 688EF604156CD5200081C14C /* InfoPlist.strings */; };
		688EF608156CD5200081C14C /* main.m in Sources */ = {isa = PBXBuildFile; fileRef = 688EF607156CD5200081C14C /* main.m */; };
		688EF60C156CD5200081C14C /* AppDelegate.m in Sources */ = {isa = PBXBuildFile; fileRef = 688EF60B156CD5200081C14C /* AppDelegate.m */; };
		688EF60F156CD5200081C14C /* ViewController.m in Sources */ = {isa = PBXBuildFile; fileRef = 688EF60E156CD5200081C14C /* ViewController.m */; };
		688EF612156CD5200081C14C /* ViewController.xib in Resources */ = {isa = PBXBuildFile; fileRef = 688EF610156CD5200081C14C /* ViewController.xib */; };
		688EF61A156CD5200081C14C /* SenTestingKit.framework in Frameworks */ = {isa = PBXBuildFile; fileRef = 688EF619156CD5200081C14C /* SenTestingKit.framework */; };
		688EF61B156CD5200081C14C /* UIKit.framework in Frameworks */ = {isa = PBXBuildFile; fileRef = 688EF5FB156CD5200081C14C /* UIKit.framework */; };
		688EF61C156CD5200081C14C /* Foundation.framework in Frameworks */ = {isa = PBXBuildFile; fileRef = 688EF5FD156CD5200081C14C /* Foundation.framework */; };
		688EF624156CD5200081C14C /* InfoPlist.strings in Resources */ = {isa = PBXBuildFile; fileRef = 688EF622156CD5200081C14C /* InfoPlist.strings */; };
		688EF627156CD5200081C14C /* StarBucksHDTests.m in Sources */ = {isa = PBXBuildFile; fileRef = 688EF626156CD5200081C14C /* StarBucksHDTests.m */; };
		688EF639156CD99E0081C14C /* HomePageViewController.m in Sources */ = {isa = PBXBuildFile; fileRef = 688EF637156CD99E0081C14C /* HomePageViewController.m */; };
		688EF63A156CD99E0081C14C /* HomePageViewController.xib in Resources */ = {isa = PBXBuildFile; fileRef = 688EF638156CD99E0081C14C /* HomePageViewController.xib */; };
		688FAE4315736D620094CDA5 /* ASIAuthenticationDialog.m in Sources */ = {isa = PBXBuildFile; fileRef = 688FAE1115736D620094CDA5 /* ASIAuthenticationDialog.m */; };
		688FAE4415736D620094CDA5 /* ASICloudFilesCDNRequest.m in Sources */ = {isa = PBXBuildFile; fileRef = 688FAE1415736D620094CDA5 /* ASICloudFilesCDNRequest.m */; };
		688FAE4515736D620094CDA5 /* ASICloudFilesContainer.m in Sources */ = {isa = PBXBuildFile; fileRef = 688FAE1615736D620094CDA5 /* ASICloudFilesContainer.m */; };
		688FAE4615736D620094CDA5 /* ASICloudFilesContainerRequest.m in Sources */ = {isa = PBXBuildFile; fileRef = 688FAE1815736D620094CDA5 /* ASICloudFilesContainerRequest.m */; };
		688FAE4715736D620094CDA5 /* ASICloudFilesContainerXMLParserDelegate.m in Sources */ = {isa = PBXBuildFile; fileRef = 688FAE1A15736D620094CDA5 /* ASICloudFilesContainerXMLParserDelegate.m */; };
		688FAE4815736D620094CDA5 /* ASICloudFilesObject.m in Sources */ = {isa = PBXBuildFile; fileRef = 688FAE1C15736D620094CDA5 /* ASICloudFilesObject.m */; };
		688FAE4915736D620094CDA5 /* ASICloudFilesObjectRequest.m in Sources */ = {isa = PBXBuildFile; fileRef = 688FAE1E15736D620094CDA5 /* ASICloudFilesObjectRequest.m */; };
		688FAE4A15736D620094CDA5 /* ASICloudFilesRequest.m in Sources */ = {isa = PBXBuildFile; fileRef = 688FAE2015736D620094CDA5 /* ASICloudFilesRequest.m */; };
		688FAE4B15736D620094CDA5 /* ASIDataCompressor.m in Sources */ = {isa = PBXBuildFile; fileRef = 688FAE2215736D620094CDA5 /* ASIDataCompressor.m */; };
		688FAE4C15736D620094CDA5 /* ASIDataDecompressor.m in Sources */ = {isa = PBXBuildFile; fileRef = 688FAE2415736D620094CDA5 /* ASIDataDecompressor.m */; };
		688FAE4D15736D620094CDA5 /* ASIDownloadCache.m in Sources */ = {isa = PBXBuildFile; fileRef = 688FAE2615736D620094CDA5 /* ASIDownloadCache.m */; };
		688FAE4E15736D620094CDA5 /* ASIFormDataRequest.m in Sources */ = {isa = PBXBuildFile; fileRef = 688FAE2815736D620094CDA5 /* ASIFormDataRequest.m */; };
		688FAE4F15736D620094CDA5 /* ASIHTTPRequest.m in Sources */ = {isa = PBXBuildFile; fileRef = 688FAE2A15736D620094CDA5 /* ASIHTTPRequest.m */; };
		688FAE5015736D620094CDA5 /* ASIInputStream.m in Sources */ = {isa = PBXBuildFile; fileRef = 688FAE2E15736D620094CDA5 /* ASIInputStream.m */; };
		688FAE5115736D620094CDA5 /* ASINetworkQueue.m in Sources */ = {isa = PBXBuildFile; fileRef = 688FAE3015736D620094CDA5 /* ASINetworkQueue.m */; };
		688FAE5215736D620094CDA5 /* ASIS3Bucket.m in Sources */ = {isa = PBXBuildFile; fileRef = 688FAE3415736D620094CDA5 /* ASIS3Bucket.m */; };
		688FAE5315736D620094CDA5 /* ASIS3BucketObject.m in Sources */ = {isa = PBXBuildFile; fileRef = 688FAE3615736D620094CDA5 /* ASIS3BucketObject.m */; };
		688FAE5415736D620094CDA5 /* ASIS3BucketRequest.m in Sources */ = {isa = PBXBuildFile; fileRef = 688FAE3815736D620094CDA5 /* ASIS3BucketRequest.m */; };
		688FAE5515736D620094CDA5 /* ASIS3ObjectRequest.m in Sources */ = {isa = PBXBuildFile; fileRef = 688FAE3A15736D620094CDA5 /* ASIS3ObjectRequest.m */; };
		688FAE5615736D620094CDA5 /* ASIS3Request.m in Sources */ = {isa = PBXBuildFile; fileRef = 688FAE3C15736D620094CDA5 /* ASIS3Request.m */; };
		688FAE5715736D620094CDA5 /* ASIS3ServiceRequest.m in Sources */ = {isa = PBXBuildFile; fileRef = 688FAE3E15736D620094CDA5 /* ASIS3ServiceRequest.m */; };
		688FAE5815736D620094CDA5 /* ASIWebPageRequest.m in Sources */ = {isa = PBXBuildFile; fileRef = 688FAE4015736D620094CDA5 /* ASIWebPageRequest.m */; };
		688FAE5915736D620094CDA5 /* Reachability.m in Sources */ = {isa = PBXBuildFile; fileRef = 688FAE4215736D620094CDA5 /* Reachability.m */; };
		688FAE5F15736D760094CDA5 /* GDataXMLNode.m in Sources */ = {isa = PBXBuildFile; fileRef = 688FAE5E15736D760094CDA5 /* GDataXMLNode.m */; };
		688FAE6915736DA80094CDA5 /* Error.m in Sources */ = {isa = PBXBuildFile; fileRef = 688FAE6515736DA80094CDA5 /* Error.m */; };
		688FAE6A15736DA80094CDA5 /* Global.m in Sources */ = {isa = PBXBuildFile; fileRef = 688FAE6815736DA80094CDA5 /* Global.m */; };
		688FAE6C15736DEC0094CDA5 /* CFNetwork.framework in Frameworks */ = {isa = PBXBuildFile; fileRef = 688FAE6B15736DEC0094CDA5 /* CFNetwork.framework */; };
		688FAE6E15736DF00094CDA5 /* CoreData.framework in Frameworks */ = {isa = PBXBuildFile; fileRef = 688FAE6D15736DF00094CDA5 /* CoreData.framework */; };
		688FAE7015736E120094CDA5 /* libxml2.dylib in Frameworks */ = {isa = PBXBuildFile; fileRef = 688FAE6F15736E120094CDA5 /* libxml2.dylib */; };
		688FAE7215736E1C0094CDA5 /* libz.dylib in Frameworks */ = {isa = PBXBuildFile; fileRef = 688FAE7115736E1C0094CDA5 /* libz.dylib */; };
		688FAE7715736E8E0094CDA5 /* OrderManageViewController.xib in Resources */ = {isa = PBXBuildFile; fileRef = 688FAE7515736E8E0094CDA5 /* OrderManageViewController.xib */; };
		688FAE8415739F880094CDA5 /* serviceInterface.m in Sources */ = {isa = PBXBuildFile; fileRef = 688FAE8115739F880094CDA5 /* serviceInterface.m */; };
		688FAE8515739F880094CDA5 /* serviceGetOrderData.m in Sources */ = {isa = PBXBuildFile; fileRef = 688FAE8315739F880094CDA5 /* serviceGetOrderData.m */; };
		688FAE871573A3050094CDA5 /* OrderManageViewController.m in Sources */ = {isa = PBXBuildFile; fileRef = 688FAE861573A3050094CDA5 /* OrderManageViewController.m */; };
		688FAE891573A3930094CDA5 /* MobileCoreServices.framework in Frameworks */ = {isa = PBXBuildFile; fileRef = 688FAE881573A3930094CDA5 /* MobileCoreServices.framework */; };
		688FAE8A1573A4380094CDA5 /* Error.m in Sources */ = {isa = PBXBuildFile; fileRef = 688FAE6515736DA80094CDA5 /* Error.m */; };
		688FAE8B1573A4380094CDA5 /* Global.m in Sources */ = {isa = PBXBuildFile; fileRef = 688FAE6815736DA80094CDA5 /* Global.m */; };
		688FAE8C1573A4380094CDA5 /* serviceInterface.m in Sources */ = {isa = PBXBuildFile; fileRef = 688FAE8115739F880094CDA5 /* serviceInterface.m */; };
		688FAE8D1573A4380094CDA5 /* serviceGetOrderData.m in Sources */ = {isa = PBXBuildFile; fileRef = 688FAE8315739F880094CDA5 /* serviceGetOrderData.m */; };
		688FAE8E1573A4380094CDA5 /* GDataXMLNode.m in Sources */ = {isa = PBXBuildFile; fileRef = 688FAE5E15736D760094CDA5 /* GDataXMLNode.m */; settings = {COMPILER_FLAGS = "-fno-objc-arc"; }; };
		688FAE8F1573A4380094CDA5 /* ASIAuthenticationDialog.m in Sources */ = {isa = PBXBuildFile; fileRef = 688FAE1115736D620094CDA5 /* ASIAuthenticationDialog.m */; settings = {COMPILER_FLAGS = "-fno-objc-arc"; }; };
		688FAE901573A4380094CDA5 /* ASICloudFilesCDNRequest.m in Sources */ = {isa = PBXBuildFile; fileRef = 688FAE1415736D620094CDA5 /* ASICloudFilesCDNRequest.m */; settings = {COMPILER_FLAGS = "-fno-objc-arc"; }; };
		688FAE911573A4380094CDA5 /* ASICloudFilesContainer.m in Sources */ = {isa = PBXBuildFile; fileRef = 688FAE1615736D620094CDA5 /* ASICloudFilesContainer.m */; settings = {COMPILER_FLAGS = "-fno-objc-arc"; }; };
		688FAE921573A4380094CDA5 /* ASICloudFilesContainerRequest.m in Sources */ = {isa = PBXBuildFile; fileRef = 688FAE1815736D620094CDA5 /* ASICloudFilesContainerRequest.m */; settings = {COMPILER_FLAGS = "-fno-objc-arc"; }; };
		688FAE931573A4380094CDA5 /* ASICloudFilesContainerXMLParserDelegate.m in Sources */ = {isa = PBXBuildFile; fileRef = 688FAE1A15736D620094CDA5 /* ASICloudFilesContainerXMLParserDelegate.m */; settings = {COMPILER_FLAGS = "-fno-objc-arc"; }; };
		688FAE941573A4380094CDA5 /* ASICloudFilesObject.m in Sources */ = {isa = PBXBuildFile; fileRef = 688FAE1C15736D620094CDA5 /* ASICloudFilesObject.m */; settings = {COMPILER_FLAGS = "-fno-objc-arc"; }; };
		688FAE951573A4380094CDA5 /* ASICloudFilesObjectRequest.m in Sources */ = {isa = PBXBuildFile; fileRef = 688FAE1E15736D620094CDA5 /* ASICloudFilesObjectRequest.m */; settings = {COMPILER_FLAGS = "-fno-objc-arc"; }; };
		688FAE961573A4380094CDA5 /* ASICloudFilesRequest.m in Sources */ = {isa = PBXBuildFile; fileRef = 688FAE2015736D620094CDA5 /* ASICloudFilesRequest.m */; settings = {COMPILER_FLAGS = "-fno-objc-arc"; }; };
		688FAE971573A4380094CDA5 /* ASIDataCompressor.m in Sources */ = {isa = PBXBuildFile; fileRef = 688FAE2215736D620094CDA5 /* ASIDataCompressor.m */; settings = {COMPILER_FLAGS = "-fno-objc-arc"; }; };
		688FAE981573A4380094CDA5 /* ASIDataDecompressor.m in Sources */ = {isa = PBXBuildFile; fileRef = 688FAE2415736D620094CDA5 /* ASIDataDecompressor.m */; settings = {COMPILER_FLAGS = "-fno-objc-arc"; }; };
		688FAE991573A4380094CDA5 /* ASIDownloadCache.m in Sources */ = {isa = PBXBuildFile; fileRef = 688FAE2615736D620094CDA5 /* ASIDownloadCache.m */; settings = {COMPILER_FLAGS = "-fno-objc-arc"; }; };
		688FAE9A1573A4380094CDA5 /* ASIFormDataRequest.m in Sources */ = {isa = PBXBuildFile; fileRef = 688FAE2815736D620094CDA5 /* ASIFormDataRequest.m */; settings = {COMPILER_FLAGS = "-fno-objc-arc"; }; };
		688FAE9B1573A4380094CDA5 /* ASIHTTPRequest.m in Sources */ = {isa = PBXBuildFile; fileRef = 688FAE2A15736D620094CDA5 /* ASIHTTPRequest.m */; settings = {COMPILER_FLAGS = "-fno-objc-arc"; }; };
		688FAE9C1573A4380094CDA5 /* ASIInputStream.m in Sources */ = {isa = PBXBuildFile; fileRef = 688FAE2E15736D620094CDA5 /* ASIInputStream.m */; settings = {COMPILER_FLAGS = "-fno-objc-arc"; }; };
		688FAE9D1573A4380094CDA5 /* ASINetworkQueue.m in Sources */ = {isa = PBXBuildFile; fileRef = 688FAE3015736D620094CDA5 /* ASINetworkQueue.m */; settings = {COMPILER_FLAGS = "-fno-objc-arc"; }; };
		688FAE9E1573A4380094CDA5 /* ASIS3Bucket.m in Sources */ = {isa = PBXBuildFile; fileRef = 688FAE3415736D620094CDA5 /* ASIS3Bucket.m */; settings = {COMPILER_FLAGS = "-fno-objc-arc"; }; };
		688FAE9F1573A4380094CDA5 /* ASIS3BucketObject.m in Sources */ = {isa = PBXBuildFile; fileRef = 688FAE3615736D620094CDA5 /* ASIS3BucketObject.m */; settings = {COMPILER_FLAGS = "-fno-objc-arc"; }; };
		688FAEA01573A4380094CDA5 /* ASIS3BucketRequest.m in Sources */ = {isa = PBXBuildFile; fileRef = 688FAE3815736D620094CDA5 /* ASIS3BucketRequest.m */; settings = {COMPILER_FLAGS = "-fno-objc-arc"; }; };
		688FAEA11573A4380094CDA5 /* ASIS3ObjectRequest.m in Sources */ = {isa = PBXBuildFile; fileRef = 688FAE3A15736D620094CDA5 /* ASIS3ObjectRequest.m */; settings = {COMPILER_FLAGS = "-fno-objc-arc"; }; };
		688FAEA21573A4380094CDA5 /* ASIS3Request.m in Sources */ = {isa = PBXBuildFile; fileRef = 688FAE3C15736D620094CDA5 /* ASIS3Request.m */; settings = {COMPILER_FLAGS = "-fno-objc-arc"; }; };
		688FAEA31573A4380094CDA5 /* ASIS3ServiceRequest.m in Sources */ = {isa = PBXBuildFile; fileRef = 688FAE3E15736D620094CDA5 /* ASIS3ServiceRequest.m */; settings = {COMPILER_FLAGS = "-fno-objc-arc"; }; };
		688FAEA41573A4380094CDA5 /* ASIWebPageRequest.m in Sources */ = {isa = PBXBuildFile; fileRef = 688FAE4015736D620094CDA5 /* ASIWebPageRequest.m */; settings = {COMPILER_FLAGS = "-fno-objc-arc"; }; };
		688FAEA51573A4380094CDA5 /* Reachability.m in Sources */ = {isa = PBXBuildFile; fileRef = 688FAE4215736D620094CDA5 /* Reachability.m */; settings = {COMPILER_FLAGS = "-fno-objc-arc"; }; };
		688FAEA81573A4DC0094CDA5 /* SystemConfiguration.framework in Frameworks */ = {isa = PBXBuildFile; fileRef = 688FAEA71573A4DC0094CDA5 /* SystemConfiguration.framework */; };
		6892386E15773C540091B95B /* starbucks_ipad_03.png in Resources */ = {isa = PBXBuildFile; fileRef = 6892386A15773C540091B95B /* starbucks_ipad_03.png */; };
		6892386F15773C540091B95B /* starbucks_ipad_06.png in Resources */ = {isa = PBXBuildFile; fileRef = 6892386B15773C540091B95B /* starbucks_ipad_06.png */; };
		6892387015773C540091B95B /* starbucks_ipad_08.png in Resources */ = {isa = PBXBuildFile; fileRef = 6892386C15773C540091B95B /* starbucks_ipad_08.png */; };
		6892387115773C540091B95B /* starbucks_ipad_10.png in Resources */ = {isa = PBXBuildFile; fileRef = 6892386D15773C540091B95B /* starbucks_ipad_10.png */; };
		689803671574885300C37175 /* serviceModifyOrderData.m in Sources */ = {isa = PBXBuildFile; fileRef = 689803661574885300C37175 /* serviceModifyOrderData.m */; };
		689803751574AD4B00C37175 /* starbucks_ipad.png in Resources */ = {isa = PBXBuildFile; fileRef = 689803701574AD4B00C37175 /* starbucks_ipad.png */; };
/* End PBXBuildFile section */

/* Begin PBXContainerItemProxy section */
		688EF61D156CD5200081C14C /* PBXContainerItemProxy */ = {
			isa = PBXContainerItemProxy;
			containerPortal = 688EF5EE156CD5200081C14C /* Project object */;
			proxyType = 1;
			remoteGlobalIDString = 688EF5F6156CD5200081C14C;
			remoteInfo = StarBucksHD;
		};
/* End PBXContainerItemProxy section */

/* Begin PBXFileReference section */
		688EF5F7156CD5200081C14C /* StarBucksHD.app */ = {isa = PBXFileReference; explicitFileType = wrapper.application; includeInIndex = 0; path = StarBucksHD.app; sourceTree = BUILT_PRODUCTS_DIR; };
		688EF5FB156CD5200081C14C /* UIKit.framework */ = {isa = PBXFileReference; lastKnownFileType = wrapper.framework; name = UIKit.framework; path = System/Library/Frameworks/UIKit.framework; sourceTree = SDKROOT; };
		688EF5FD156CD5200081C14C /* Foundation.framework */ = {isa = PBXFileReference; lastKnownFileType = wrapper.framework; name = Foundation.framework; path = System/Library/Frameworks/Foundation.framework; sourceTree = SDKROOT; };
		688EF5FF156CD5200081C14C /* CoreGraphics.framework */ = {isa = PBXFileReference; lastKnownFileType = wrapper.framework; name = CoreGraphics.framework; path = System/Library/Frameworks/CoreGraphics.framework; sourceTree = SDKROOT; };
		688EF603156CD5200081C14C /* StarBucksHD-Info.plist */ = {isa = PBXFileReference; lastKnownFileType = text.plist.xml; path = "StarBucksHD-Info.plist"; sourceTree = "<group>"; };
		688EF605156CD5200081C14C /* en */ = {isa = PBXFileReference; lastKnownFileType = text.plist.strings; name = en; path = en.lproj/InfoPlist.strings; sourceTree = "<group>"; };
		688EF607156CD5200081C14C /* main.m */ = {isa = PBXFileReference; lastKnownFileType = sourcecode.c.objc; path = main.m; sourceTree = "<group>"; };
		688EF609156CD5200081C14C /* StarBucksHD-Prefix.pch */ = {isa = PBXFileReference; lastKnownFileType = sourcecode.c.h; path = "StarBucksHD-Prefix.pch"; sourceTree = "<group>"; };
		688EF60A156CD5200081C14C /* AppDelegate.h */ = {isa = PBXFileReference; lastKnownFileType = sourcecode.c.h; path = AppDelegate.h; sourceTree = "<group>"; };
		688EF60B156CD5200081C14C /* AppDelegate.m */ = {isa = PBXFileReference; lastKnownFileType = sourcecode.c.objc; path = AppDelegate.m; sourceTree = "<group>"; };
		688EF60D156CD5200081C14C /* ViewController.h */ = {isa = PBXFileReference; lastKnownFileType = sourcecode.c.h; path = ViewController.h; sourceTree = "<group>"; };
		688EF60E156CD5200081C14C /* ViewController.m */ = {isa = PBXFileReference; lastKnownFileType = sourcecode.c.objc; path = ViewController.m; sourceTree = "<group>"; };
		688EF611156CD5200081C14C /* en */ = {isa = PBXFileReference; lastKnownFileType = file.xib; name = en; path = en.lproj/ViewController.xib; sourceTree = "<group>"; };
		688EF618156CD5200081C14C /* StarBucksHDTests.octest */ = {isa = PBXFileReference; explicitFileType = wrapper.cfbundle; includeInIndex = 0; path = StarBucksHDTests.octest; sourceTree = BUILT_PRODUCTS_DIR; };
		688EF619156CD5200081C14C /* SenTestingKit.framework */ = {isa = PBXFileReference; lastKnownFileType = wrapper.framework; name = SenTestingKit.framework; path = Library/Frameworks/SenTestingKit.framework; sourceTree = DEVELOPER_DIR; };
		688EF621156CD5200081C14C /* StarBucksHDTests-Info.plist */ = {isa = PBXFileReference; lastKnownFileType = text.plist.xml; path = "StarBucksHDTests-Info.plist"; sourceTree = "<group>"; };
		688EF623156CD5200081C14C /* en */ = {isa = PBXFileReference; lastKnownFileType = text.plist.strings; name = en; path = en.lproj/InfoPlist.strings; sourceTree = "<group>"; };
		688EF625156CD5200081C14C /* StarBucksHDTests.h */ = {isa = PBXFileReference; lastKnownFileType = sourcecode.c.h; path = StarBucksHDTests.h; sourceTree = "<group>"; };
		688EF626156CD5200081C14C /* StarBucksHDTests.m */ = {isa = PBXFileReference; lastKnownFileType = sourcecode.c.objc; path = StarBucksHDTests.m; sourceTree = "<group>"; };
		688EF636156CD99E0081C14C /* HomePageViewController.h */ = {isa = PBXFileReference; fileEncoding = 4; lastKnownFileType = sourcecode.c.h; path = HomePageViewController.h; sourceTree = "<group>"; };
		688EF637156CD99E0081C14C /* HomePageViewController.m */ = {isa = PBXFileReference; fileEncoding = 4; lastKnownFileType = sourcecode.c.objc; path = HomePageViewController.m; sourceTree = "<group>"; };
		688EF638156CD99E0081C14C /* HomePageViewController.xib */ = {isa = PBXFileReference; fileEncoding = 4; lastKnownFileType = file.xib; path = HomePageViewController.xib; sourceTree = "<group>"; };
		688FAE1015736D620094CDA5 /* ASIAuthenticationDialog.h */ = {isa = PBXFileReference; fileEncoding = 4; lastKnownFileType = sourcecode.c.h; path = ASIAuthenticationDialog.h; sourceTree = "<group>"; };
		688FAE1115736D620094CDA5 /* ASIAuthenticationDialog.m */ = {isa = PBXFileReference; fileEncoding = 4; lastKnownFileType = sourcecode.c.objc; path = ASIAuthenticationDialog.m; sourceTree = "<group>"; };
		688FAE1215736D620094CDA5 /* ASICacheDelegate.h */ = {isa = PBXFileReference; fileEncoding = 4; lastKnownFileType = sourcecode.c.h; path = ASICacheDelegate.h; sourceTree = "<group>"; };
		688FAE1315736D620094CDA5 /* ASICloudFilesCDNRequest.h */ = {isa = PBXFileReference; fileEncoding = 4; lastKnownFileType = sourcecode.c.h; path = ASICloudFilesCDNRequest.h; sourceTree = "<group>"; };
		688FAE1415736D620094CDA5 /* ASICloudFilesCDNRequest.m */ = {isa = PBXFileReference; fileEncoding = 4; lastKnownFileType = sourcecode.c.objc; path = ASICloudFilesCDNRequest.m; sourceTree = "<group>"; };
		688FAE1515736D620094CDA5 /* ASICloudFilesContainer.h */ = {isa = PBXFileReference; fileEncoding = 4; lastKnownFileType = sourcecode.c.h; path = ASICloudFilesContainer.h; sourceTree = "<group>"; };
		688FAE1615736D620094CDA5 /* ASICloudFilesContainer.m */ = {isa = PBXFileReference; fileEncoding = 4; lastKnownFileType = sourcecode.c.objc; path = ASICloudFilesContainer.m; sourceTree = "<group>"; };
		688FAE1715736D620094CDA5 /* ASICloudFilesContainerRequest.h */ = {isa = PBXFileReference; fileEncoding = 4; lastKnownFileType = sourcecode.c.h; path = ASICloudFilesContainerRequest.h; sourceTree = "<group>"; };
		688FAE1815736D620094CDA5 /* ASICloudFilesContainerRequest.m */ = {isa = PBXFileReference; fileEncoding = 4; lastKnownFileType = sourcecode.c.objc; path = ASICloudFilesContainerRequest.m; sourceTree = "<group>"; };
		688FAE1915736D620094CDA5 /* ASICloudFilesContainerXMLParserDelegate.h */ = {isa = PBXFileReference; fileEncoding = 4; lastKnownFileType = sourcecode.c.h; path = ASICloudFilesContainerXMLParserDelegate.h; sourceTree = "<group>"; };
		688FAE1A15736D620094CDA5 /* ASICloudFilesContainerXMLParserDelegate.m */ = {isa = PBXFileReference; fileEncoding = 4; lastKnownFileType = sourcecode.c.objc; path = ASICloudFilesContainerXMLParserDelegate.m; sourceTree = "<group>"; };
		688FAE1B15736D620094CDA5 /* ASICloudFilesObject.h */ = {isa = PBXFileReference; fileEncoding = 4; lastKnownFileType = sourcecode.c.h; path = ASICloudFilesObject.h; sourceTree = "<group>"; };
		688FAE1C15736D620094CDA5 /* ASICloudFilesObject.m */ = {isa = PBXFileReference; fileEncoding = 4; lastKnownFileType = sourcecode.c.objc; path = ASICloudFilesObject.m; sourceTree = "<group>"; };
		688FAE1D15736D620094CDA5 /* ASICloudFilesObjectRequest.h */ = {isa = PBXFileReference; fileEncoding = 4; lastKnownFileType = sourcecode.c.h; path = ASICloudFilesObjectRequest.h; sourceTree = "<group>"; };
		688FAE1E15736D620094CDA5 /* ASICloudFilesObjectRequest.m */ = {isa = PBXFileReference; fileEncoding = 4; lastKnownFileType = sourcecode.c.objc; path = ASICloudFilesObjectRequest.m; sourceTree = "<group>"; };
		688FAE1F15736D620094CDA5 /* ASICloudFilesRequest.h */ = {isa = PBXFileReference; fileEncoding = 4; lastKnownFileType = sourcecode.c.h; path = ASICloudFilesRequest.h; sourceTree = "<group>"; };
		688FAE2015736D620094CDA5 /* ASICloudFilesRequest.m */ = {isa = PBXFileReference; fileEncoding = 4; lastKnownFileType = sourcecode.c.objc; path = ASICloudFilesRequest.m; sourceTree = "<group>"; };
		688FAE2115736D620094CDA5 /* ASIDataCompressor.h */ = {isa = PBXFileReference; fileEncoding = 4; lastKnownFileType = sourcecode.c.h; path = ASIDataCompressor.h; sourceTree = "<group>"; };
		688FAE2215736D620094CDA5 /* ASIDataCompressor.m */ = {isa = PBXFileReference; fileEncoding = 4; lastKnownFileType = sourcecode.c.objc; path = ASIDataCompressor.m; sourceTree = "<group>"; };
		688FAE2315736D620094CDA5 /* ASIDataDecompressor.h */ = {isa = PBXFileReference; fileEncoding = 4; lastKnownFileType = sourcecode.c.h; path = ASIDataDecompressor.h; sourceTree = "<group>"; };
		688FAE2415736D620094CDA5 /* ASIDataDecompressor.m */ = {isa = PBXFileReference; fileEncoding = 4; lastKnownFileType = sourcecode.c.objc; path = ASIDataDecompressor.m; sourceTree = "<group>"; };
		688FAE2515736D620094CDA5 /* ASIDownloadCache.h */ = {isa = PBXFileReference; fileEncoding = 4; lastKnownFileType = sourcecode.c.h; path = ASIDownloadCache.h; sourceTree = "<group>"; };
		688FAE2615736D620094CDA5 /* ASIDownloadCache.m */ = {isa = PBXFileReference; fileEncoding = 4; lastKnownFileType = sourcecode.c.objc; path = ASIDownloadCache.m; sourceTree = "<group>"; };
		688FAE2715736D620094CDA5 /* ASIFormDataRequest.h */ = {isa = PBXFileReference; fileEncoding = 4; lastKnownFileType = sourcecode.c.h; path = ASIFormDataRequest.h; sourceTree = "<group>"; };
		688FAE2815736D620094CDA5 /* ASIFormDataRequest.m */ = {isa = PBXFileReference; fileEncoding = 4; lastKnownFileType = sourcecode.c.objc; path = ASIFormDataRequest.m; sourceTree = "<group>"; };
		688FAE2915736D620094CDA5 /* ASIHTTPRequest.h */ = {isa = PBXFileReference; fileEncoding = 4; lastKnownFileType = sourcecode.c.h; path = ASIHTTPRequest.h; sourceTree = "<group>"; };
		688FAE2A15736D620094CDA5 /* ASIHTTPRequest.m */ = {isa = PBXFileReference; fileEncoding = 4; lastKnownFileType = sourcecode.c.objc; path = ASIHTTPRequest.m; sourceTree = "<group>"; };
		688FAE2B15736D620094CDA5 /* ASIHTTPRequestConfig.h */ = {isa = PBXFileReference; fileEncoding = 4; lastKnownFileType = sourcecode.c.h; path = ASIHTTPRequestConfig.h; sourceTree = "<group>"; };
		688FAE2C15736D620094CDA5 /* ASIHTTPRequestDelegate.h */ = {isa = PBXFileReference; fileEncoding = 4; lastKnownFileType = sourcecode.c.h; path = ASIHTTPRequestDelegate.h; sourceTree = "<group>"; };
		688FAE2D15736D620094CDA5 /* ASIInputStream.h */ = {isa = PBXFileReference; fileEncoding = 4; lastKnownFileType = sourcecode.c.h; path = ASIInputStream.h; sourceTree = "<group>"; };
		688FAE2E15736D620094CDA5 /* ASIInputStream.m */ = {isa = PBXFileReference; fileEncoding = 4; lastKnownFileType = sourcecode.c.objc; path = ASIInputStream.m; sourceTree = "<group>"; };
		688FAE2F15736D620094CDA5 /* ASINetworkQueue.h */ = {isa = PBXFileReference; fileEncoding = 4; lastKnownFileType = sourcecode.c.h; path = ASINetworkQueue.h; sourceTree = "<group>"; };
		688FAE3015736D620094CDA5 /* ASINetworkQueue.m */ = {isa = PBXFileReference; fileEncoding = 4; lastKnownFileType = sourcecode.c.objc; path = ASINetworkQueue.m; sourceTree = "<group>"; };
		688FAE3115736D620094CDA5 /* ASINSXMLParserCompat.h */ = {isa = PBXFileReference; fileEncoding = 4; lastKnownFileType = sourcecode.c.h; path = ASINSXMLParserCompat.h; sourceTree = "<group>"; };
		688FAE3215736D620094CDA5 /* ASIProgressDelegate.h */ = {isa = PBXFileReference; fileEncoding = 4; lastKnownFileType = sourcecode.c.h; path = ASIProgressDelegate.h; sourceTree = "<group>"; };
		688FAE3315736D620094CDA5 /* ASIS3Bucket.h */ = {isa = PBXFileReference; fileEncoding = 4; lastKnownFileType = sourcecode.c.h; path = ASIS3Bucket.h; sourceTree = "<group>"; };
		688FAE3415736D620094CDA5 /* ASIS3Bucket.m */ = {isa = PBXFileReference; fileEncoding = 4; lastKnownFileType = sourcecode.c.objc; path = ASIS3Bucket.m; sourceTree = "<group>"; };
		688FAE3515736D620094CDA5 /* ASIS3BucketObject.h */ = {isa = PBXFileReference; fileEncoding = 4; lastKnownFileType = sourcecode.c.h; path = ASIS3BucketObject.h; sourceTree = "<group>"; };
		688FAE3615736D620094CDA5 /* ASIS3BucketObject.m */ = {isa = PBXFileReference; fileEncoding = 4; lastKnownFileType = sourcecode.c.objc; path = ASIS3BucketObject.m; sourceTree = "<group>"; };
		688FAE3715736D620094CDA5 /* ASIS3BucketRequest.h */ = {isa = PBXFileReference; fileEncoding = 4; lastKnownFileType = sourcecode.c.h; path = ASIS3BucketRequest.h; sourceTree = "<group>"; };
		688FAE3815736D620094CDA5 /* ASIS3BucketRequest.m */ = {isa = PBXFileReference; fileEncoding = 4; lastKnownFileType = sourcecode.c.objc; path = ASIS3BucketRequest.m; sourceTree = "<group>"; };
		688FAE3915736D620094CDA5 /* ASIS3ObjectRequest.h */ = {isa = PBXFileReference; fileEncoding = 4; lastKnownFileType = sourcecode.c.h; path = ASIS3ObjectRequest.h; sourceTree = "<group>"; };
		688FAE3A15736D620094CDA5 /* ASIS3ObjectRequest.m */ = {isa = PBXFileReference; fileEncoding = 4; lastKnownFileType = sourcecode.c.objc; path = ASIS3ObjectRequest.m; sourceTree = "<group>"; };
		688FAE3B15736D620094CDA5 /* ASIS3Request.h */ = {isa = PBXFileReference; fileEncoding = 4; lastKnownFileType = sourcecode.c.h; path = ASIS3Request.h; sourceTree = "<group>"; };
		688FAE3C15736D620094CDA5 /* ASIS3Request.m */ = {isa = PBXFileReference; fileEncoding = 4; lastKnownFileType = sourcecode.c.objc; path = ASIS3Request.m; sourceTree = "<group>"; };
		688FAE3D15736D620094CDA5 /* ASIS3ServiceRequest.h */ = {isa = PBXFileReference; fileEncoding = 4; lastKnownFileType = sourcecode.c.h; path = ASIS3ServiceRequest.h; sourceTree = "<group>"; };
		688FAE3E15736D620094CDA5 /* ASIS3ServiceRequest.m */ = {isa = PBXFileReference; fileEncoding = 4; lastKnownFileType = sourcecode.c.objc; path = ASIS3ServiceRequest.m; sourceTree = "<group>"; };
		688FAE3F15736D620094CDA5 /* ASIWebPageRequest.h */ = {isa = PBXFileReference; fileEncoding = 4; lastKnownFileType = sourcecode.c.h; path = ASIWebPageRequest.h; sourceTree = "<group>"; };
		688FAE4015736D620094CDA5 /* ASIWebPageRequest.m */ = {isa = PBXFileReference; fileEncoding = 4; lastKnownFileType = sourcecode.c.objc; path = ASIWebPageRequest.m; sourceTree = "<group>"; };
		688FAE4115736D620094CDA5 /* Reachability.h */ = {isa = PBXFileReference; fileEncoding = 4; lastKnownFileType = sourcecode.c.h; path = Reachability.h; sourceTree = "<group>"; };
		688FAE4215736D620094CDA5 /* Reachability.m */ = {isa = PBXFileReference; fileEncoding = 4; lastKnownFileType = sourcecode.c.objc; path = Reachability.m; sourceTree = "<group>"; };
		688FAE5D15736D760094CDA5 /* GDataXMLNode.h */ = {isa = PBXFileReference; fileEncoding = 4; lastKnownFileType = sourcecode.c.h; path = GDataXMLNode.h; sourceTree = "<group>"; };
		688FAE5E15736D760094CDA5 /* GDataXMLNode.m */ = {isa = PBXFileReference; fileEncoding = 4; lastKnownFileType = sourcecode.c.objc; path = GDataXMLNode.m; sourceTree = "<group>"; };
		688FAE6415736DA80094CDA5 /* Error.h */ = {isa = PBXFileReference; fileEncoding = 4; lastKnownFileType = sourcecode.c.h; path = Error.h; sourceTree = "<group>"; };
		688FAE6515736DA80094CDA5 /* Error.m */ = {isa = PBXFileReference; fileEncoding = 4; lastKnownFileType = sourcecode.c.objc; path = Error.m; sourceTree = "<group>"; };
		688FAE6615736DA80094CDA5 /* PublicDefine.h */ = {isa = PBXFileReference; fileEncoding = 4; lastKnownFileType = sourcecode.c.h; path = PublicDefine.h; sourceTree = "<group>"; };
		688FAE6715736DA80094CDA5 /* Global.h */ = {isa = PBXFileReference; fileEncoding = 4; lastKnownFileType = sourcecode.c.h; path = Global.h; sourceTree = "<group>"; };
		688FAE6815736DA80094CDA5 /* Global.m */ = {isa = PBXFileReference; fileEncoding = 4; lastKnownFileType = sourcecode.c.objc; path = Global.m; sourceTree = "<group>"; };
		688FAE6B15736DEC0094CDA5 /* CFNetwork.framework */ = {isa = PBXFileReference; lastKnownFileType = wrapper.framework; name = CFNetwork.framework; path = System/Library/Frameworks/CFNetwork.framework; sourceTree = SDKROOT; };
		688FAE6D15736DF00094CDA5 /* CoreData.framework */ = {isa = PBXFileReference; lastKnownFileType = wrapper.framework; name = CoreData.framework; path = System/Library/Frameworks/CoreData.framework; sourceTree = SDKROOT; };
		688FAE6F15736E120094CDA5 /* libxml2.dylib */ = {isa = PBXFileReference; lastKnownFileType = "compiled.mach-o.dylib"; name = libxml2.dylib; path = usr/lib/libxml2.dylib; sourceTree = SDKROOT; };
		688FAE7115736E1C0094CDA5 /* libz.dylib */ = {isa = PBXFileReference; lastKnownFileType = "compiled.mach-o.dylib"; name = libz.dylib; path = usr/lib/libz.dylib; sourceTree = SDKROOT; };
		688FAE7315736E8E0094CDA5 /* OrderManageViewController.h */ = {isa = PBXFileReference; fileEncoding = 4; lastKnownFileType = sourcecode.c.h; path = OrderManageViewController.h; sourceTree = "<group>"; };
		688FAE7515736E8E0094CDA5 /* OrderManageViewController.xib */ = {isa = PBXFileReference; fileEncoding = 4; lastKnownFileType = file.xib; path = OrderManageViewController.xib; sourceTree = "<group>"; };
		688FAE8015739F880094CDA5 /* serviceInterface.h */ = {isa = PBXFileReference; fileEncoding = 4; lastKnownFileType = sourcecode.c.h; path = serviceInterface.h; sourceTree = "<group>"; };
		688FAE8115739F880094CDA5 /* serviceInterface.m */ = {isa = PBXFileReference; fileEncoding = 4; lastKnownFileType = sourcecode.c.objc; path = serviceInterface.m; sourceTree = "<group>"; };
		688FAE8215739F880094CDA5 /* serviceGetOrderData.h */ = {isa = PBXFileReference; fileEncoding = 4; lastKnownFileType = sourcecode.c.h; path = serviceGetOrderData.h; sourceTree = "<group>"; };
		688FAE8315739F880094CDA5 /* serviceGetOrderData.m */ = {isa = PBXFileReference; fileEncoding = 4; lastKnownFileType = sourcecode.c.objc; path = serviceGetOrderData.m; sourceTree = "<group>"; };
		688FAE861573A3050094CDA5 /* OrderManageViewController.m */ = {isa = PBXFileReference; fileEncoding = 4; lastKnownFileType = sourcecode.c.objc; path = OrderManageViewController.m; sourceTree = "<group>"; };
		688FAE881573A3930094CDA5 /* MobileCoreServices.framework */ = {isa = PBXFileReference; lastKnownFileType = wrapper.framework; name = MobileCoreServices.framework; path = System/Library/Frameworks/MobileCoreServices.framework; sourceTree = SDKROOT; };
		688FAEA71573A4DC0094CDA5 /* SystemConfiguration.framework */ = {isa = PBXFileReference; lastKnownFileType = wrapper.framework; name = SystemConfiguration.framework; path = System/Library/Frameworks/SystemConfiguration.framework; sourceTree = SDKROOT; };
		6892386A15773C540091B95B /* starbucks_ipad_03.png */ = {isa = PBXFileReference; lastKnownFileType = image.png; path = starbucks_ipad_03.png; sourceTree = "<group>"; };
		6892386B15773C540091B95B /* starbucks_ipad_06.png */ = {isa = PBXFileReference; lastKnownFileType = image.png; path = starbucks_ipad_06.png; sourceTree = "<group>"; };
		6892386C15773C540091B95B /* starbucks_ipad_08.png */ = {isa = PBXFileReference; lastKnownFileType = image.png; path = starbucks_ipad_08.png; sourceTree = "<group>"; };
		6892386D15773C540091B95B /* starbucks_ipad_10.png */ = {isa = PBXFileReference; lastKnownFileType = image.png; path = starbucks_ipad_10.png; sourceTree = "<group>"; };
		689803651574885300C37175 /* serviceModifyOrderData.h */ = {isa = PBXFileReference; fileEncoding = 4; lastKnownFileType = sourcecode.c.h; path = serviceModifyOrderData.h; sourceTree = "<group>"; };
		689803661574885300C37175 /* serviceModifyOrderData.m */ = {isa = PBXFileReference; fileEncoding = 4; lastKnownFileType = sourcecode.c.objc; path = serviceModifyOrderData.m; sourceTree = "<group>"; };
		689803701574AD4B00C37175 /* starbucks_ipad.png */ = {isa = PBXFileReference; lastKnownFileType = image.png; path = starbucks_ipad.png; sourceTree = "<group>"; };
/* End PBXFileReference section */

/* Begin PBXFrameworksBuildPhase section */
		688EF5F4156CD5200081C14C /* Frameworks */ = {
			isa = PBXFrameworksBuildPhase;
			buildActionMask = 2147483647;
			files = (
				688FAEA81573A4DC0094CDA5 /* SystemConfiguration.framework in Frameworks */,
				688FAE891573A3930094CDA5 /* MobileCoreServices.framework in Frameworks */,
				688FAE7215736E1C0094CDA5 /* libz.dylib in Frameworks */,
				688FAE7015736E120094CDA5 /* libxml2.dylib in Frameworks */,
				688FAE6E15736DF00094CDA5 /* CoreData.framework in Frameworks */,
				688FAE6C15736DEC0094CDA5 /* CFNetwork.framework in Frameworks */,
				688EF5FC156CD5200081C14C /* UIKit.framework in Frameworks */,
				688EF5FE156CD5200081C14C /* Foundation.framework in Frameworks */,
				688EF600156CD5200081C14C /* CoreGraphics.framework in Frameworks */,
			);
			runOnlyForDeploymentPostprocessing = 0;
		};
		688EF614156CD5200081C14C /* Frameworks */ = {
			isa = PBXFrameworksBuildPhase;
			buildActionMask = 2147483647;
			files = (
				688EF61A156CD5200081C14C /* SenTestingKit.framework in Frameworks */,
				688EF61B156CD5200081C14C /* UIKit.framework in Frameworks */,
				688EF61C156CD5200081C14C /* Foundation.framework in Frameworks */,
			);
			runOnlyForDeploymentPostprocessing = 0;
		};
/* End PBXFrameworksBuildPhase section */

/* Begin PBXGroup section */
		688EF5EC156CD5200081C14C = {
			isa = PBXGroup;
			children = (
				688FAEA71573A4DC0094CDA5 /* SystemConfiguration.framework */,
				688FAE881573A3930094CDA5 /* MobileCoreServices.framework */,
				688EF601156CD5200081C14C /* StarBucksHD */,
				688EF61F156CD5200081C14C /* StarBucksHDTests */,
				688EF5FA156CD5200081C14C /* Frameworks */,
				688EF5F8156CD5200081C14C /* Products */,
			);
			sourceTree = "<group>";
		};
		688EF5F8156CD5200081C14C /* Products */ = {
			isa = PBXGroup;
			children = (
				688EF5F7156CD5200081C14C /* StarBucksHD.app */,
				688EF618156CD5200081C14C /* StarBucksHDTests.octest */,
			);
			name = Products;
			sourceTree = "<group>";
		};
		688EF5FA156CD5200081C14C /* Frameworks */ = {
			isa = PBXGroup;
			children = (
				688FAE7115736E1C0094CDA5 /* libz.dylib */,
				688FAE6F15736E120094CDA5 /* libxml2.dylib */,
				688FAE6D15736DF00094CDA5 /* CoreData.framework */,
				688FAE6B15736DEC0094CDA5 /* CFNetwork.framework */,
				688EF5FB156CD5200081C14C /* UIKit.framework */,
				688EF5FD156CD5200081C14C /* Foundation.framework */,
				688EF5FF156CD5200081C14C /* CoreGraphics.framework */,
				688EF619156CD5200081C14C /* SenTestingKit.framework */,
			);
			name = Frameworks;
			sourceTree = "<group>";
		};
		688EF601156CD5200081C14C /* StarBucksHD */ = {
			isa = PBXGroup;
			children = (
				688FAE6315736D9B0094CDA5 /* Global */,
				688FAE0D15736D430094CDA5 /* Service */,
				688EF630156CD84E0081C14C /* ViewController */,
				688EF60A156CD5200081C14C /* AppDelegate.h */,
				688EF60B156CD5200081C14C /* AppDelegate.m */,
				688EF60D156CD5200081C14C /* ViewController.h */,
				688EF60E156CD5200081C14C /* ViewController.m */,
				688EF610156CD5200081C14C /* ViewController.xib */,
				688EF602156CD5200081C14C /* Supporting Files */,
			);
			path = StarBucksHD;
			sourceTree = "<group>";
		};
		688EF602156CD5200081C14C /* Supporting Files */ = {
			isa = PBXGroup;
			children = (
				6898036B1574AD3E00C37175 /* image */,
				688EF603156CD5200081C14C /* StarBucksHD-Info.plist */,
				688EF604156CD5200081C14C /* InfoPlist.strings */,
				688EF607156CD5200081C14C /* main.m */,
				688EF609156CD5200081C14C /* StarBucksHD-Prefix.pch */,
			);
			name = "Supporting Files";
			sourceTree = "<group>";
		};
		688EF61F156CD5200081C14C /* StarBucksHDTests */ = {
			isa = PBXGroup;
			children = (
				688EF625156CD5200081C14C /* StarBucksHDTests.h */,
				688EF626156CD5200081C14C /* StarBucksHDTests.m */,
				688EF620156CD5200081C14C /* Supporting Files */,
			);
			path = StarBucksHDTests;
			sourceTree = "<group>";
		};
		688EF620156CD5200081C14C /* Supporting Files */ = {
			isa = PBXGroup;
			children = (
				688EF621156CD5200081C14C /* StarBucksHDTests-Info.plist */,
				688EF622156CD5200081C14C /* InfoPlist.strings */,
			);
			name = "Supporting Files";
			sourceTree = "<group>";
		};
		688EF630156CD84E0081C14C /* ViewController */ = {
			isa = PBXGroup;
			children = (
				688EF635156CD97B0081C14C /* HomePage */,
				688EF634156CD93E0081C14C /* PermissionSettings */,
				688EF633156CD9220081C14C /* Statistics */,
				688EF632156CD88E0081C14C /* StoreManage */,
				688EF631156CD85E0081C14C /* OrderManage */,
			);
			name = ViewController;
			sourceTree = "<group>";
		};
		688EF631156CD85E0081C14C /* OrderManage */ = {
			isa = PBXGroup;
			children = (
				688FAE7315736E8E0094CDA5 /* OrderManageViewController.h */,
				688FAE861573A3050094CDA5 /* OrderManageViewController.m */,
				688FAE7515736E8E0094CDA5 /* OrderManageViewController.xib */,
			);
			name = OrderManage;
			sourceTree = "<group>";
		};
		688EF632156CD88E0081C14C /* StoreManage */ = {
			isa = PBXGroup;
			children = (
			);
			name = StoreManage;
			sourceTree = "<group>";
		};
		688EF633156CD9220081C14C /* Statistics */ = {
			isa = PBXGroup;
			children = (
			);
			name = Statistics;
			sourceTree = "<group>";
		};
		688EF634156CD93E0081C14C /* PermissionSettings */ = {
			isa = PBXGroup;
			children = (
			);
			name = PermissionSettings;
			sourceTree = "<group>";
		};
		688EF635156CD97B0081C14C /* HomePage */ = {
			isa = PBXGroup;
			children = (
				688EF636156CD99E0081C14C /* HomePageViewController.h */,
				688EF637156CD99E0081C14C /* HomePageViewController.m */,
				688EF638156CD99E0081C14C /* HomePageViewController.xib */,
			);
			name = HomePage;
			sourceTree = "<group>";
		};
		688FAE0D15736D430094CDA5 /* Service */ = {
			isa = PBXGroup;
			children = (
				688FAE8015739F880094CDA5 /* serviceInterface.h */,
				688FAE8115739F880094CDA5 /* serviceInterface.m */,
				688FAE8215739F880094CDA5 /* serviceGetOrderData.h */,
				688FAE8315739F880094CDA5 /* serviceGetOrderData.m */,
				688FAE5D15736D760094CDA5 /* GDataXMLNode.h */,
				688FAE5E15736D760094CDA5 /* GDataXMLNode.m */,
				689803651574885300C37175 /* serviceModifyOrderData.h */,
				689803661574885300C37175 /* serviceModifyOrderData.m */,
				688FAE0F15736D4E0094CDA5 /* ASI_HTTP_REQUEST */,
			);
			name = Service;
			sourceTree = "<group>";
		};
		688FAE0F15736D4E0094CDA5 /* ASI_HTTP_REQUEST */ = {
			isa = PBXGroup;
			children = (
				688FAE1015736D620094CDA5 /* ASIAuthenticationDialog.h */,
				688FAE1115736D620094CDA5 /* ASIAuthenticationDialog.m */,
				688FAE1215736D620094CDA5 /* ASICacheDelegate.h */,
				688FAE1315736D620094CDA5 /* ASICloudFilesCDNRequest.h */,
				688FAE1415736D620094CDA5 /* ASICloudFilesCDNRequest.m */,
				688FAE1515736D620094CDA5 /* ASICloudFilesContainer.h */,
				688FAE1615736D620094CDA5 /* ASICloudFilesContainer.m */,
				688FAE1715736D620094CDA5 /* ASICloudFilesContainerRequest.h */,
				688FAE1815736D620094CDA5 /* ASICloudFilesContainerRequest.m */,
				688FAE1915736D620094CDA5 /* ASICloudFilesContainerXMLParserDelegate.h */,
				688FAE1A15736D620094CDA5 /* ASICloudFilesContainerXMLParserDelegate.m */,
				688FAE1B15736D620094CDA5 /* ASICloudFilesObject.h */,
				688FAE1C15736D620094CDA5 /* ASICloudFilesObject.m */,
				688FAE1D15736D620094CDA5 /* ASICloudFilesObjectRequest.h */,
				688FAE1E15736D620094CDA5 /* ASICloudFilesObjectRequest.m */,
				688FAE1F15736D620094CDA5 /* ASICloudFilesRequest.h */,
				688FAE2015736D620094CDA5 /* ASICloudFilesRequest.m */,
				688FAE2115736D620094CDA5 /* ASIDataCompressor.h */,
				688FAE2215736D620094CDA5 /* ASIDataCompressor.m */,
				688FAE2315736D620094CDA5 /* ASIDataDecompressor.h */,
				688FAE2415736D620094CDA5 /* ASIDataDecompressor.m */,
				688FAE2515736D620094CDA5 /* ASIDownloadCache.h */,
				688FAE2615736D620094CDA5 /* ASIDownloadCache.m */,
				688FAE2715736D620094CDA5 /* ASIFormDataRequest.h */,
				688FAE2815736D620094CDA5 /* ASIFormDataRequest.m */,
				688FAE2915736D620094CDA5 /* ASIHTTPRequest.h */,
				688FAE2A15736D620094CDA5 /* ASIHTTPRequest.m */,
				688FAE2B15736D620094CDA5 /* ASIHTTPRequestConfig.h */,
				688FAE2C15736D620094CDA5 /* ASIHTTPRequestDelegate.h */,
				688FAE2D15736D620094CDA5 /* ASIInputStream.h */,
				688FAE2E15736D620094CDA5 /* ASIInputStream.m */,
				688FAE2F15736D620094CDA5 /* ASINetworkQueue.h */,
				688FAE3015736D620094CDA5 /* ASINetworkQueue.m */,
				688FAE3115736D620094CDA5 /* ASINSXMLParserCompat.h */,
				688FAE3215736D620094CDA5 /* ASIProgressDelegate.h */,
				688FAE3315736D620094CDA5 /* ASIS3Bucket.h */,
				688FAE3415736D620094CDA5 /* ASIS3Bucket.m */,
				688FAE3515736D620094CDA5 /* ASIS3BucketObject.h */,
				688FAE3615736D620094CDA5 /* ASIS3BucketObject.m */,
				688FAE3715736D620094CDA5 /* ASIS3BucketRequest.h */,
				688FAE3815736D620094CDA5 /* ASIS3BucketRequest.m */,
				688FAE3915736D620094CDA5 /* ASIS3ObjectRequest.h */,
				688FAE3A15736D620094CDA5 /* ASIS3ObjectRequest.m */,
				688FAE3B15736D620094CDA5 /* ASIS3Request.h */,
				688FAE3C15736D620094CDA5 /* ASIS3Request.m */,
				688FAE3D15736D620094CDA5 /* ASIS3ServiceRequest.h */,
				688FAE3E15736D620094CDA5 /* ASIS3ServiceRequest.m */,
				688FAE3F15736D620094CDA5 /* ASIWebPageRequest.h */,
				688FAE4015736D620094CDA5 /* ASIWebPageRequest.m */,
				688FAE4115736D620094CDA5 /* Reachability.h */,
				688FAE4215736D620094CDA5 /* Reachability.m */,
			);
			name = ASI_HTTP_REQUEST;
			sourceTree = "<group>";
		};
		688FAE6315736D9B0094CDA5 /* Global */ = {
			isa = PBXGroup;
			children = (
				688FAE6415736DA80094CDA5 /* Error.h */,
				688FAE6515736DA80094CDA5 /* Error.m */,
				688FAE6615736DA80094CDA5 /* PublicDefine.h */,
				688FAE6715736DA80094CDA5 /* Global.h */,
				688FAE6815736DA80094CDA5 /* Global.m */,
			);
			name = Global;
			sourceTree = "<group>";
		};
		6898036B1574AD3E00C37175 /* image */ = {
			isa = PBXGroup;
			children = (
				6892386A15773C540091B95B /* starbucks_ipad_03.png */,
				6892386B15773C540091B95B /* starbucks_ipad_06.png */,
				6892386C15773C540091B95B /* starbucks_ipad_08.png */,
				6892386D15773C540091B95B /* starbucks_ipad_10.png */,
				689803701574AD4B00C37175 /* starbucks_ipad.png */,
			);
			name = image;
			sourceTree = "<group>";
		};
/* End PBXGroup section */

/* Begin PBXNativeTarget section */
		688EF5F6156CD5200081C14C /* StarBucksHD */ = {
			isa = PBXNativeTarget;
			buildConfigurationList = 688EF62A156CD5200081C14C /* Build configuration list for PBXNativeTarget "StarBucksHD" */;
			buildPhases = (
				688EF5F3156CD5200081C14C /* Sources */,
				688EF5F4156CD5200081C14C /* Frameworks */,
				688EF5F5156CD5200081C14C /* Resources */,
			);
			buildRules = (
			);
			dependencies = (
			);
			name = StarBucksHD;
			productName = StarBucksHD;
			productReference = 688EF5F7156CD5200081C14C /* StarBucksHD.app */;
			productType = "com.apple.product-type.application";
		};
		688EF617156CD5200081C14C /* StarBucksHDTests */ = {
			isa = PBXNativeTarget;
			buildConfigurationList = 688EF62D156CD5200081C14C /* Build configuration list for PBXNativeTarget "StarBucksHDTests" */;
			buildPhases = (
				688EF613156CD5200081C14C /* Sources */,
				688EF614156CD5200081C14C /* Frameworks */,
				688EF615156CD5200081C14C /* Resources */,
				688EF616156CD5200081C14C /* ShellScript */,
			);
			buildRules = (
			);
			dependencies = (
				688EF61E156CD5200081C14C /* PBXTargetDependency */,
			);
			name = StarBucksHDTests;
			productName = StarBucksHDTests;
			productReference = 688EF618156CD5200081C14C /* StarBucksHDTests.octest */;
			productType = "com.apple.product-type.bundle";
		};
/* End PBXNativeTarget section */

/* Begin PBXProject section */
		688EF5EE156CD5200081C14C /* Project object */ = {
			isa = PBXProject;
			attributes = {
				LastUpgradeCheck = 0430;
				ORGANIZATIONNAME = "首正";
			};
			buildConfigurationList = 688EF5F1156CD5200081C14C /* Build configuration list for PBXProject "StarBucksHD" */;
			compatibilityVersion = "Xcode 3.2";
			developmentRegion = English;
			hasScannedForEncodings = 0;
			knownRegions = (
				en,
			);
			mainGroup = 688EF5EC156CD5200081C14C;
			productRefGroup = 688EF5F8156CD5200081C14C /* Products */;
			projectDirPath = "";
			projectRoot = "";
			targets = (
				688EF5F6156CD5200081C14C /* StarBucksHD */,
				688EF617156CD5200081C14C /* StarBucksHDTests */,
			);
		};
/* End PBXProject section */

/* Begin PBXResourcesBuildPhase section */
		688EF5F5156CD5200081C14C /* Resources */ = {
			isa = PBXResourcesBuildPhase;
			buildActionMask = 2147483647;
			files = (
				688EF606156CD5200081C14C /* InfoPlist.strings in Resources */,
				688EF612156CD5200081C14C /* ViewController.xib in Resources */,
				688EF63A156CD99E0081C14C /* HomePageViewController.xib in Resources */,
				688FAE7715736E8E0094CDA5 /* OrderManageViewController.xib in Resources */,
				689803751574AD4B00C37175 /* starbucks_ipad.png in Resources */,
				6892386E15773C540091B95B /* starbucks_ipad_03.png in Resources */,
				6892386F15773C540091B95B /* starbucks_ipad_06.png in Resources */,
				6892387015773C540091B95B /* starbucks_ipad_08.png in Resources */,
				6892387115773C540091B95B /* starbucks_ipad_10.png in Resources */,
			);
			runOnlyForDeploymentPostprocessing = 0;
		};
		688EF615156CD5200081C14C /* Resources */ = {
			isa = PBXResourcesBuildPhase;
			buildActionMask = 2147483647;
			files = (
				688EF624156CD5200081C14C /* InfoPlist.strings in Resources */,
			);
			runOnlyForDeploymentPostprocessing = 0;
		};
/* End PBXResourcesBuildPhase section */

/* Begin PBXShellScriptBuildPhase section */
		688EF616156CD5200081C14C /* ShellScript */ = {
			isa = PBXShellScriptBuildPhase;
			buildActionMask = 2147483647;
			files = (
			);
			inputPaths = (
			);
			outputPaths = (
			);
			runOnlyForDeploymentPostprocessing = 0;
			shellPath = /bin/sh;
			shellScript = "# Run the unit tests in this test bundle.\n\"${SYSTEM_DEVELOPER_DIR}/Tools/RunUnitTests\"\n";
		};
/* End PBXShellScriptBuildPhase section */

/* Begin PBXSourcesBuildPhase section */
		688EF5F3156CD5200081C14C /* Sources */ = {
			isa = PBXSourcesBuildPhase;
			buildActionMask = 2147483647;
			files = (
				688FAE8A1573A4380094CDA5 /* Error.m in Sources */,
				688FAE8B1573A4380094CDA5 /* Global.m in Sources */,
				688FAE8C1573A4380094CDA5 /* serviceInterface.m in Sources */,
				688FAE8D1573A4380094CDA5 /* serviceGetOrderData.m in Sources */,
				688FAE8E1573A4380094CDA5 /* GDataXMLNode.m in Sources */,
				688FAE8F1573A4380094CDA5 /* ASIAuthenticationDialog.m in Sources */,
				688FAE901573A4380094CDA5 /* ASICloudFilesCDNRequest.m in Sources */,
				688FAE911573A4380094CDA5 /* ASICloudFilesContainer.m in Sources */,
				688FAE921573A4380094CDA5 /* ASICloudFilesContainerRequest.m in Sources */,
				688FAE931573A4380094CDA5 /* ASICloudFilesContainerXMLParserDelegate.m in Sources */,
				688FAE941573A4380094CDA5 /* ASICloudFilesObject.m in Sources */,
				688FAE951573A4380094CDA5 /* ASICloudFilesObjectRequest.m in Sources */,
				688FAE961573A4380094CDA5 /* ASICloudFilesRequest.m in Sources */,
				688FAE971573A4380094CDA5 /* ASIDataCompressor.m in Sources */,
				688FAE981573A4380094CDA5 /* ASIDataDecompressor.m in Sources */,
				688FAE991573A4380094CDA5 /* ASIDownloadCache.m in Sources */,
				688FAE9A1573A4380094CDA5 /* ASIFormDataRequest.m in Sources */,
				688FAE9B1573A4380094CDA5 /* ASIHTTPRequest.m in Sources */,
				688FAE9C1573A4380094CDA5 /* ASIInputStream.m in Sources */,
				688FAE9D1573A4380094CDA5 /* ASINetworkQueue.m in Sources */,
				688FAE9E1573A4380094CDA5 /* ASIS3Bucket.m in Sources */,
				688FAE9F1573A4380094CDA5 /* ASIS3BucketObject.m in Sources */,
				688FAEA01573A4380094CDA5 /* ASIS3BucketRequest.m in Sources */,
				688FAEA11573A4380094CDA5 /* ASIS3ObjectRequest.m in Sources */,
				688FAEA21573A4380094CDA5 /* ASIS3Request.m in Sources */,
				688FAEA31573A4380094CDA5 /* ASIS3ServiceRequest.m in Sources */,
				688FAEA41573A4380094CDA5 /* ASIWebPageRequest.m in Sources */,
				688FAEA51573A4380094CDA5 /* Reachability.m in Sources */,
				688EF608156CD5200081C14C /* main.m in Sources */,
				688EF60C156CD5200081C14C /* AppDelegate.m in Sources */,
				688EF60F156CD5200081C14C /* ViewController.m in Sources */,
				688EF639156CD99E0081C14C /* HomePageViewController.m in Sources */,
				688FAE871573A3050094CDA5 /* OrderManageViewController.m in Sources */,
				689803671574885300C37175 /* serviceModifyOrderData.m in Sources */,
			);
			runOnlyForDeploymentPostprocessing = 0;
		};
		688EF613156CD5200081C14C /* Sources */ = {
			isa = PBXSourcesBuildPhase;
			buildActionMask = 2147483647;
			files = (
				688EF627156CD5200081C14C /* StarBucksHDTests.m in Sources */,
				688FAE4315736D620094CDA5 /* ASIAuthenticationDialog.m in Sources */,
				688FAE4415736D620094CDA5 /* ASICloudFilesCDNRequest.m in Sources */,
				688FAE4515736D620094CDA5 /* ASICloudFilesContainer.m in Sources */,
				688FAE4615736D620094CDA5 /* ASICloudFilesContainerRequest.m in Sources */,
				688FAE4715736D620094CDA5 /* ASICloudFilesContainerXMLParserDelegate.m in Sources */,
				688FAE4815736D620094CDA5 /* ASICloudFilesObject.m in Sources */,
				688FAE4915736D620094CDA5 /* ASICloudFilesObjectRequest.m in Sources */,
				688FAE4A15736D620094CDA5 /* ASICloudFilesRequest.m in Sources */,
				688FAE4B15736D620094CDA5 /* ASIDataCompressor.m in Sources */,
				688FAE4C15736D620094CDA5 /* ASIDataDecompressor.m in Sources */,
				688FAE4D15736D620094CDA5 /* ASIDownloadCache.m in Sources */,
				688FAE4E15736D620094CDA5 /* ASIFormDataRequest.m in Sources */,
				688FAE4F15736D620094CDA5 /* ASIHTTPRequest.m in Sources */,
				688FAE5015736D620094CDA5 /* ASIInputStream.m in Sources */,
				688FAE5115736D620094CDA5 /* ASINetworkQueue.m in Sources */,
				688FAE5215736D620094CDA5 /* ASIS3Bucket.m in Sources */,
				688FAE5315736D620094CDA5 /* ASIS3BucketObject.m in Sources */,
				688FAE5415736D620094CDA5 /* ASIS3BucketRequest.m in Sources */,
				688FAE5515736D620094CDA5 /* ASIS3ObjectRequest.m in Sources */,
				688FAE5615736D620094CDA5 /* ASIS3Request.m in Sources */,
				688FAE5715736D620094CDA5 /* ASIS3ServiceRequest.m in Sources */,
				688FAE5815736D620094CDA5 /* ASIWebPageRequest.m in Sources */,
				688FAE5915736D620094CDA5 /* Reachability.m in Sources */,
				688FAE5F15736D760094CDA5 /* GDataXMLNode.m in Sources */,
				688FAE6915736DA80094CDA5 /* Error.m in Sources */,
				688FAE6A15736DA80094CDA5 /* Global.m in Sources */,
				688FAE8415739F880094CDA5 /* serviceInterface.m in Sources */,
				688FAE8515739F880094CDA5 /* serviceGetOrderData.m in Sources */,
			);
			runOnlyForDeploymentPostprocessing = 0;
		};
/* End PBXSourcesBuildPhase section */

/* Begin PBXTargetDependency section */
		688EF61E156CD5200081C14C /* PBXTargetDependency */ = {
			isa = PBXTargetDependency;
			target = 688EF5F6156CD5200081C14C /* StarBucksHD */;
			targetProxy = 688EF61D156CD5200081C14C /* PBXContainerItemProxy */;
		};
/* End PBXTargetDependency section */

/* Begin PBXVariantGroup section */
		688EF604156CD5200081C14C /* InfoPlist.strings */ = {
			isa = PBXVariantGroup;
			children = (
				688EF605156CD5200081C14C /* en */,
			);
			name = InfoPlist.strings;
			sourceTree = "<group>";
		};
		688EF610156CD5200081C14C /* ViewController.xib */ = {
			isa = PBXVariantGroup;
			children = (
				688EF611156CD5200081C14C /* en */,
			);
			name = ViewController.xib;
			sourceTree = "<group>";
		};
		688EF622156CD5200081C14C /* InfoPlist.strings */ = {
			isa = PBXVariantGroup;
			children = (
				688EF623156CD5200081C14C /* en */,
			);
			name = InfoPlist.strings;
			sourceTree = "<group>";
		};
/* End PBXVariantGroup section */

/* Begin XCBuildConfiguration section */
		688EF628156CD5200081C14C /* Debug */ = {
			isa = XCBuildConfiguration;
			buildSettings = {
				ALWAYS_SEARCH_USER_PATHS = NO;
				ARCHS = "$(ARCHS_STANDARD_32_BIT)";
				CLANG_ENABLE_OBJC_ARC = YES;
				CODE_SIGN_IDENTITY = "iPhone Developer: Haoyang Zhu (R2RSGND58Z)";
				"CODE_SIGN_IDENTITY[sdk=iphoneos*]" = "iPhone Developer: Haoyang Zhu (R2RSGND58Z)";
				COPY_PHASE_STRIP = NO;
				GCC_C_LANGUAGE_STANDARD = gnu99;
				GCC_DYNAMIC_NO_PIC = NO;
				GCC_OPTIMIZATION_LEVEL = 0;
				GCC_PREPROCESSOR_DEFINITIONS = (
					"DEBUG=1",
					"$(inherited)",
				);
				GCC_SYMBOLS_PRIVATE_EXTERN = NO;
				GCC_VERSION = com.apple.compilers.llvm.clang.1_0;
				GCC_WARN_ABOUT_RETURN_TYPE = YES;
				GCC_WARN_UNINITIALIZED_AUTOS = YES;
				GCC_WARN_UNUSED_VARIABLE = YES;
				HEADER_SEARCH_PATHS = /usr/include/libxml2;
				IPHONEOS_DEPLOYMENT_TARGET = 5.1;
				OTHER_LDFLAGS = "-lxml2";
				PROVISIONING_PROFILE = "13D198F0-25DB-4713-9CD3-4887A238A9B8";
				"PROVISIONING_PROFILE[sdk=iphoneos*]" = "13D198F0-25DB-4713-9CD3-4887A238A9B8";
				SDKROOT = iphoneos;
				TARGETED_DEVICE_FAMILY = 2;
			};
			name = Debug;
		};
		688EF629156CD5200081C14C /* Release */ = {
			isa = XCBuildConfiguration;
			buildSettings = {
				ALWAYS_SEARCH_USER_PATHS = NO;
				ARCHS = "$(ARCHS_STANDARD_32_BIT)";
				CLANG_ENABLE_OBJC_ARC = YES;
				CODE_SIGN_IDENTITY = "iPhone Developer: Haoyang Zhu (R2RSGND58Z)";
				"CODE_SIGN_IDENTITY[sdk=iphoneos*]" = "iPhone Developer: Haoyang Zhu (R2RSGND58Z)";
				COPY_PHASE_STRIP = YES;
				GCC_C_LANGUAGE_STANDARD = gnu99;
				GCC_VERSION = com.apple.compilers.llvm.clang.1_0;
				GCC_WARN_ABOUT_RETURN_TYPE = YES;
				GCC_WARN_UNINITIALIZED_AUTOS = YES;
				GCC_WARN_UNUSED_VARIABLE = YES;
				HEADER_SEARCH_PATHS = /usr/include/libxml2;
				IPHONEOS_DEPLOYMENT_TARGET = 5.1;
				OTHER_CFLAGS = "-DNS_BLOCK_ASSERTIONS=1";
				OTHER_LDFLAGS = "-lxml2";
				PROVISIONING_PROFILE = "13D198F0-25DB-4713-9CD3-4887A238A9B8";
				"PROVISIONING_PROFILE[sdk=iphoneos*]" = "13D198F0-25DB-4713-9CD3-4887A238A9B8";
				SDKROOT = iphoneos;
				TARGETED_DEVICE_FAMILY = 2;
				VALIDATE_PRODUCT = YES;
			};
			name = Release;
		};
		688EF62B156CD5200081C14C /* Debug */ = {
			isa = XCBuildConfiguration;
			buildSettings = {
				GCC_PRECOMPILE_PREFIX_HEADER = YES;
				GCC_PREFIX_HEADER = "StarBucksHD/StarBucksHD-Prefix.pch";
				INFOPLIST_FILE = "StarBucksHD/StarBucksHD-Info.plist";
				PRODUCT_NAME = "$(TARGET_NAME)";
				WRAPPER_EXTENSION = app;
			};
			name = Debug;
		};
		688EF62C156CD5200081C14C /* Release */ = {
			isa = XCBuildConfiguration;
			buildSettings = {
				GCC_PRECOMPILE_PREFIX_HEADER = YES;
				GCC_PREFIX_HEADER = "StarBucksHD/StarBucksHD-Prefix.pch";
				INFOPLIST_FILE = "StarBucksHD/StarBucksHD-Info.plist";
				PRODUCT_NAME = "$(TARGET_NAME)";
				WRAPPER_EXTENSION = app;
			};
			name = Release;
		};
		688EF62E156CD5200081C14C /* Debug */ = {
			isa = XCBuildConfiguration;
			buildSettings = {
				BUNDLE_LOADER = "$(BUILT_PRODUCTS_DIR)/StarBucksHD.app/StarBucksHD";
				FRAMEWORK_SEARCH_PATHS = (
					"$(SDKROOT)/Developer/Library/Frameworks",
					"$(DEVELOPER_LIBRARY_DIR)/Frameworks",
				);
				GCC_PRECOMPILE_PREFIX_HEADER = YES;
				GCC_PREFIX_HEADER = "StarBucksHD/StarBucksHD-Prefix.pch";
				INFOPLIST_FILE = "StarBucksHDTests/StarBucksHDTests-Info.plist";
				PRODUCT_NAME = "$(TARGET_NAME)";
				TEST_HOST = "$(BUNDLE_LOADER)";
				WRAPPER_EXTENSION = octest;
			};
			name = Debug;
		};
		688EF62F156CD5200081C14C /* Release */ = {
			isa = XCBuildConfiguration;
			buildSettings = {
				BUNDLE_LOADER = "$(BUILT_PRODUCTS_DIR)/StarBucksHD.app/StarBucksHD";
				FRAMEWORK_SEARCH_PATHS = (
					"$(SDKROOT)/Developer/Library/Frameworks",
					"$(DEVELOPER_LIBRARY_DIR)/Frameworks",
				);
				GCC_PRECOMPILE_PREFIX_HEADER = YES;
				GCC_PREFIX_HEADER = "StarBucksHD/StarBucksHD-Prefix.pch";
				INFOPLIST_FILE = "StarBucksHDTests/StarBucksHDTests-Info.plist";
				PRODUCT_NAME = "$(TARGET_NAME)";
				TEST_HOST = "$(BUNDLE_LOADER)";
				WRAPPER_EXTENSION = octest;
			};
			name = Release;
		};
/* End XCBuildConfiguration section */

/* Begin XCConfigurationList section */
		688EF5F1156CD5200081C14C /* Build configuration list for PBXProject "StarBucksHD" */ = {
			isa = XCConfigurationList;
			buildConfigurations = (
				688EF628156CD5200081C14C /* Debug */,
				688EF629156CD5200081C14C /* Release */,
			);
			defaultConfigurationIsVisible = 0;
			defaultConfigurationName = Release;
		};
		688EF62A156CD5200081C14C /* Build configuration list for PBXNativeTarget "StarBucksHD" */ = {
			isa = XCConfigurationList;
			buildConfigurations = (
				688EF62B156CD5200081C14C /* Debug */,
				688EF62C156CD5200081C14C /* Release */,
			);
			defaultConfigurationIsVisible = 0;
			defaultConfigurationName = Release;
		};
		688EF62D156CD5200081C14C /* Build configuration list for PBXNativeTarget "StarBucksHDTests" */ = {
			isa = XCConfigurationList;
			buildConfigurations = (
				688EF62E156CD5200081C14C /* Debug */,
				688EF62F156CD5200081C14C /* Release */,
			);
			defaultConfigurationIsVisible = 0;
			defaultConfigurationName = Release;
		};
/* End XCConfigurationList section */
	};
	rootObject = 688EF5EE156CD5200081C14C /* Project object */;
}
